
Microsoft Visual Studio Solution File, Format Version 12.00
# Visual Studio Version 17
VisualStudioVersion = 17.4.33213.308
MinimumVisualStudioVersion = 10.0.40219.1
Project("{9A19103F-16F7-4668-BE54-9A1E7A4F7556}") = "JourHealth.Print", "JourHealth.Console\JourHealth.Print.csproj", "{F9F7C462-B9BC-4039-B109-88A07E5E6679}"
EndProject
Project("{9A19103F-16F7-4668-BE54-9A1E7A4F7556}") = "JourHealth.Domain", "JourHealth.Domain\JourHealth.Domain.csproj", "{0D0636AE-71E5-41A5-88F7-9909DA7E29C4}"
EndProject
Project("{9A19103F-16F7-4668-BE54-9A1E7A4F7556}") = "JourHealth.DAL", "JourHealth.DAL\JourHealth.DAL.csproj", "{51E71389-2539-4F04-85B9-D1AA364A171E}"
EndProject
Project("{9A19103F-16F7-4668-BE54-9A1E7A4F7556}") = "JourHealth.Service", "JourHealth.Service\JourHealth.Service.csproj", "{E73E211B-4F8B-4721-B45A-6850A4745CD3}"
EndProject
Global
	GlobalSection(SolutionConfigurationPlatforms) = preSolution
		Debug|Any CPU = Debug|Any CPU
		Release|Any CPU = Release|Any CPU
	EndGlobalSection
	GlobalSection(ProjectConfigurationPlatforms) = postSolution
		{F9F7C462-B9BC-4039-B109-88A07E5E6679}.Debug|Any CPU.ActiveCfg = Debug|Any CPU
		{F9F7C462-B9BC-4039-B109-88A07E5E6679}.Debug|Any CPU.Build.0 = Debug|Any CPU
		{F9F7C462-B9BC-4039-B109-88A07E5E6679}.Release|Any CPU.ActiveCfg = Release|Any CPU
		{F9F7C462-B9BC-4039-B109-88A07E5E6679}.Release|Any CPU.Build.0 = Release|Any CPU
		{0D0636AE-71E5-41A5-88F7-9909DA7E29C4}.Debug|Any CPU.ActiveCfg = Debug|Any CPU
		{0D0636AE-71E5-41A5-88F7-9909DA7E29C4}.Debug|Any CPU.Build.0 = Debug|Any CPU
		{0D0636AE-71E5-41A5-88F7-9909DA7E29C4}.Release|Any CPU.ActiveCfg = Release|Any CPU
		{0D0636AE-71E5-41A5-88F7-9909DA7E29C4}.Release|Any CPU.Build.0 = Release|Any CPU
		{51E71389-2539-4F04-85B9-D1AA364A171E}.Debug|Any CPU.ActiveCfg = Debug|Any CPU
		{51E71389-2539-4F04-85B9-D1AA364A171E}.Debug|Any CPU.Build.0 = Debug|Any CPU
		{51E71389-2539-4F04-85B9-D1AA364A171E}.Release|Any CPU.ActiveCfg = Release|Any CPU
		{51E71389-2539-4F04-85B9-D1AA364A171E}.Release|Any CPU.Build.0 = Release|Any CPU
		{E73E211B-4F8B-4721-B45A-6850A4745CD3}.Debug|Any CPU.ActiveCfg = Debug|Any CPU
		{E73E211B-4F8B-4721-B45A-6850A4745CD3}.Debug|Any CPU.Build.0 = Debug|Any CPU
		{E73E211B-4F8B-4721-B45A-6850A4745CD3}.Release|Any CPU.ActiveCfg = Release|Any CPU
		{E73E211B-4F8B-4721-B45A-6850A4745CD3}.Release|Any CPU.Build.0 = Release|Any CPU
	EndGlobalSection
	GlobalSection(SolutionProperties) = preSolution
		HideSolutionNode = FALSE
	EndGlobalSection
	GlobalSection(ExtensibilityGlobals) = postSolution
		SolutionGuid = {E6E6057C-836E-4AA8-AC39-108F585EED1C}
	EndGlobalSection
EndGlobal
